
Microsoft Visual Studio Solution File, Format Version 12.00
# Visual Studio 14
VisualStudioVersion = 14.0.25420.1
MinimumVisualStudioVersion = 10.0.40219.1
Project("{2150E333-8FDC-42A3-9474-1A3956D46DE8}") = "Shared", "Shared", "{324A93CB-2AA3-445F-B730-7988697F7041}"
EndProject
Project("{2150E333-8FDC-42A3-9474-1A3956D46DE8}") = "Business", "Business", "{76CE66F9-FE89-49FE-96E7-87AC26D0290C}"
EndProject
Project("{2150E333-8FDC-42A3-9474-1A3956D46DE8}") = "Presentation", "Presentation", "{9FF70806-D2DD-4E95-880A-4F4A33EEC675}"
EndProject
Project("{2150E333-8FDC-42A3-9474-1A3956D46DE8}") = "UnitTest", "UnitTest", "{30D5DD77-26FB-445E-ADC0-82A409B54FAC}"
EndProject
Project("{FAE04EC0-301F-11D3-BF4B-00C04F79EFBC}") = "Placovu.Erp.IManager", "Business\Placovu.Erp.IManager\Placovu.Erp.IManager.csproj", "{9A78AFDB-1A27-4B08-9464-939CEDBC9E95}"
EndProject
Project("{FAE04EC0-301F-11D3-BF4B-00C04F79EFBC}") = "Placovu.Erp.IRepository", "Business\Placovu.Erp.IRepository\Placovu.Erp.IRepository.csproj", "{0A8F2DAA-4A3E-4907-9325-C6732E359456}"
EndProject
Project("{FAE04EC0-301F-11D3-BF4B-00C04F79EFBC}") = "Placovu.Erp.Manager", "Business\Placovu.Erp.Manager\Placovu.Erp.Manager.csproj", "{B04F47DA-572F-4C2E-954E-6D098BC1E559}"
EndProject
Project("{FAE04EC0-301F-11D3-BF4B-00C04F79EFBC}") = "Placovu.Erp.Repository", "Business\Placovu.Erp.Repository\Placovu.Erp.Repository.csproj", "{80CE16A5-F5A7-4F44-B11C-C08D675C186F}"
EndProject
Project("{FAE04EC0-301F-11D3-BF4B-00C04F79EFBC}") = "Placovu.Erp.Web", "Presentation\Placovu.Erp.Web\Placovu.Erp.Web.csproj", "{F5618F8E-7C1C-406D-A626-551698664EBA}"
EndProject
Project("{FAE04EC0-301F-11D3-BF4B-00C04F79EFBC}") = "Placovu.Erp.EntityModel", "Shared\Placovu.Erp.EntityModel\Placovu.Erp.EntityModel.csproj", "{76933A19-D78F-49BE-8D3A-408936023135}"
EndProject
Project("{FAE04EC0-301F-11D3-BF4B-00C04F79EFBC}") = "Placovu.Erp.ViewModel", "Shared\Placovu.Erp.ViewModel\Placovu.Erp.ViewModel.csproj", "{DF9BB61E-C926-447E-A671-33E08A9E1B26}"
EndProject
Project("{FAE04EC0-301F-11D3-BF4B-00C04F79EFBC}") = "Placovu.Erp.Web.Tests", "UnitTest\Placovu.Erp.Web.Tests\Placovu.Erp.Web.Tests.csproj", "{6C91D220-24ED-4602-A3F9-6811D286629A}"
EndProject
Project("{2150E333-8FDC-42A3-9474-1A3956D46DE8}") = "Documents", "Documents", "{76D14282-EC2D-4AB5-8F5E-22BF8673E4E5}"
EndProject
Project("{FAE04EC0-301F-11D3-BF4B-00C04F79EFBC}") = "Document", "Document\Document.csproj", "{BD84B580-1DC1-496B-9E8F-7EAE5E4706E6}"
EndProject
Project("{2150E333-8FDC-42A3-9474-1A3956D46DE8}") = "Core", "Core", "{D5DEE217-6D45-427B-B9FA-C8FAB00A8F5E}"
EndProject
Project("{FAE04EC0-301F-11D3-BF4B-00C04F79EFBC}") = "Placovu.Erp.Core", "Core\Placovu.Erp.Core\Placovu.Erp.Core.csproj", "{72B148C7-425D-4736-A548-6630D8D5D37F}"
EndProject
Project("{FAE04EC0-301F-11D3-BF4B-00C04F79EFBC}") = "Placovu.Erp.Web.Framework", "Core\Placovu.Erp.Web.Framework\Placovu.Erp.Web.Framework.csproj", "{3E44BB35-ADAB-465B-9686-A36397553DC6}"
EndProject
Project("{FAE04EC0-301F-11D3-BF4B-00C04F79EFBC}") = "Placovu.Erp.Logger", "Placovu.Erp.Logger\Placovu.Erp.Logger.csproj", "{9ABD0CBA-2350-41BC-8E29-D8569C648C74}"
EndProject
Global
	GlobalSection(SolutionConfigurationPlatforms) = preSolution
		Debug|Any CPU = Debug|Any CPU
		Release|Any CPU = Release|Any CPU
	EndGlobalSection
	GlobalSection(ProjectConfigurationPlatforms) = postSolution
		{9A78AFDB-1A27-4B08-9464-939CEDBC9E95}.Debug|Any CPU.ActiveCfg = Debug|Any CPU
		{9A78AFDB-1A27-4B08-9464-939CEDBC9E95}.Debug|Any CPU.Build.0 = Debug|Any CPU
		{9A78AFDB-1A27-4B08-9464-939CEDBC9E95}.Release|Any CPU.ActiveCfg = Release|Any CPU
		{9A78AFDB-1A27-4B08-9464-939CEDBC9E95}.Release|Any CPU.Build.0 = Release|Any CPU
		{0A8F2DAA-4A3E-4907-9325-C6732E359456}.Debug|Any CPU.ActiveCfg = Debug|Any CPU
		{0A8F2DAA-4A3E-4907-9325-C6732E359456}.Debug|Any CPU.Build.0 = Debug|Any CPU
		{0A8F2DAA-4A3E-4907-9325-C6732E359456}.Release|Any CPU.ActiveCfg = Release|Any CPU
		{0A8F2DAA-4A3E-4907-9325-C6732E359456}.Release|Any CPU.Build.0 = Release|Any CPU
		{B04F47DA-572F-4C2E-954E-6D098BC1E559}.Debug|Any CPU.ActiveCfg = Debug|Any CPU
		{B04F47DA-572F-4C2E-954E-6D098BC1E559}.Debug|Any CPU.Build.0 = Debug|Any CPU
		{B04F47DA-572F-4C2E-954E-6D098BC1E559}.Release|Any CPU.ActiveCfg = Release|Any CPU
		{B04F47DA-572F-4C2E-954E-6D098BC1E559}.Release|Any CPU.Build.0 = Release|Any CPU
		{80CE16A5-F5A7-4F44-B11C-C08D675C186F}.Debug|Any CPU.ActiveCfg = Debug|Any CPU
		{80CE16A5-F5A7-4F44-B11C-C08D675C186F}.Debug|Any CPU.Build.0 = Debug|Any CPU
		{80CE16A5-F5A7-4F44-B11C-C08D675C186F}.Release|Any CPU.ActiveCfg = Release|Any CPU
		{80CE16A5-F5A7-4F44-B11C-C08D675C186F}.Release|Any CPU.Build.0 = Release|Any CPU
		{F5618F8E-7C1C-406D-A626-551698664EBA}.Debug|Any CPU.ActiveCfg = Debug|Any CPU
		{F5618F8E-7C1C-406D-A626-551698664EBA}.Debug|Any CPU.Build.0 = Debug|Any CPU
		{F5618F8E-7C1C-406D-A626-551698664EBA}.Release|Any CPU.ActiveCfg = Release|Any CPU
		{F5618F8E-7C1C-406D-A626-551698664EBA}.Release|Any CPU.Build.0 = Release|Any CPU
		{76933A19-D78F-49BE-8D3A-408936023135}.Debug|Any CPU.ActiveCfg = Debug|Any CPU
		{76933A19-D78F-49BE-8D3A-408936023135}.Debug|Any CPU.Build.0 = Debug|Any CPU
		{76933A19-D78F-49BE-8D3A-408936023135}.Release|Any CPU.ActiveCfg = Release|Any CPU
		{76933A19-D78F-49BE-8D3A-408936023135}.Release|Any CPU.Build.0 = Release|Any CPU
		{DF9BB61E-C926-447E-A671-33E08A9E1B26}.Debug|Any CPU.ActiveCfg = Debug|Any CPU
		{DF9BB61E-C926-447E-A671-33E08A9E1B26}.Debug|Any CPU.Build.0 = Debug|Any CPU
		{DF9BB61E-C926-447E-A671-33E08A9E1B26}.Release|Any CPU.ActiveCfg = Release|Any CPU
		{DF9BB61E-C926-447E-A671-33E08A9E1B26}.Release|Any CPU.Build.0 = Release|Any CPU
		{6C91D220-24ED-4602-A3F9-6811D286629A}.Debug|Any CPU.ActiveCfg = Debug|Any CPU
		{6C91D220-24ED-4602-A3F9-6811D286629A}.Debug|Any CPU.Build.0 = Debug|Any CPU
		{6C91D220-24ED-4602-A3F9-6811D286629A}.Release|Any CPU.ActiveCfg = Release|Any CPU
		{6C91D220-24ED-4602-A3F9-6811D286629A}.Release|Any CPU.Build.0 = Release|Any CPU
		{BD84B580-1DC1-496B-9E8F-7EAE5E4706E6}.Debug|Any CPU.ActiveCfg = Debug|Any CPU
		{BD84B580-1DC1-496B-9E8F-7EAE5E4706E6}.Debug|Any CPU.Build.0 = Debug|Any CPU
		{BD84B580-1DC1-496B-9E8F-7EAE5E4706E6}.Release|Any CPU.ActiveCfg = Release|Any CPU
		{BD84B580-1DC1-496B-9E8F-7EAE5E4706E6}.Release|Any CPU.Build.0 = Release|Any CPU
		{72B148C7-425D-4736-A548-6630D8D5D37F}.Debug|Any CPU.ActiveCfg = Debug|Any CPU
		{72B148C7-425D-4736-A548-6630D8D5D37F}.Debug|Any CPU.Build.0 = Debug|Any CPU
		{72B148C7-425D-4736-A548-6630D8D5D37F}.Release|Any CPU.ActiveCfg = Release|Any CPU
		{72B148C7-425D-4736-A548-6630D8D5D37F}.Release|Any CPU.Build.0 = Release|Any CPU
		{3E44BB35-ADAB-465B-9686-A36397553DC6}.Debug|Any CPU.ActiveCfg = Debug|Any CPU
		{3E44BB35-ADAB-465B-9686-A36397553DC6}.Debug|Any CPU.Build.0 = Debug|Any CPU
		{3E44BB35-ADAB-465B-9686-A36397553DC6}.Release|Any CPU.ActiveCfg = Release|Any CPU
		{3E44BB35-ADAB-465B-9686-A36397553DC6}.Release|Any CPU.Build.0 = Release|Any CPU
		{9ABD0CBA-2350-41BC-8E29-D8569C648C74}.Debug|Any CPU.ActiveCfg = Debug|Any CPU
		{9ABD0CBA-2350-41BC-8E29-D8569C648C74}.Debug|Any CPU.Build.0 = Debug|Any CPU
		{9ABD0CBA-2350-41BC-8E29-D8569C648C74}.Release|Any CPU.ActiveCfg = Release|Any CPU
		{9ABD0CBA-2350-41BC-8E29-D8569C648C74}.Release|Any CPU.Build.0 = Release|Any CPU
	EndGlobalSection
	GlobalSection(SolutionProperties) = preSolution
		HideSolutionNode = FALSE
	EndGlobalSection
	GlobalSection(NestedProjects) = preSolution
		{9A78AFDB-1A27-4B08-9464-939CEDBC9E95} = {76CE66F9-FE89-49FE-96E7-87AC26D0290C}
		{0A8F2DAA-4A3E-4907-9325-C6732E359456} = {76CE66F9-FE89-49FE-96E7-87AC26D0290C}
		{B04F47DA-572F-4C2E-954E-6D098BC1E559} = {76CE66F9-FE89-49FE-96E7-87AC26D0290C}
		{80CE16A5-F5A7-4F44-B11C-C08D675C186F} = {76CE66F9-FE89-49FE-96E7-87AC26D0290C}
		{F5618F8E-7C1C-406D-A626-551698664EBA} = {9FF70806-D2DD-4E95-880A-4F4A33EEC675}
		{76933A19-D78F-49BE-8D3A-408936023135} = {324A93CB-2AA3-445F-B730-7988697F7041}
		{DF9BB61E-C926-447E-A671-33E08A9E1B26} = {324A93CB-2AA3-445F-B730-7988697F7041}
		{6C91D220-24ED-4602-A3F9-6811D286629A} = {30D5DD77-26FB-445E-ADC0-82A409B54FAC}
		{BD84B580-1DC1-496B-9E8F-7EAE5E4706E6} = {76D14282-EC2D-4AB5-8F5E-22BF8673E4E5}
		{72B148C7-425D-4736-A548-6630D8D5D37F} = {D5DEE217-6D45-427B-B9FA-C8FAB00A8F5E}
		{3E44BB35-ADAB-465B-9686-A36397553DC6} = {D5DEE217-6D45-427B-B9FA-C8FAB00A8F5E}
		{9ABD0CBA-2350-41BC-8E29-D8569C648C74} = {D5DEE217-6D45-427B-B9FA-C8FAB00A8F5E}
	EndGlobalSection
EndGlobal
